
Microsoft Visual Studio Solution File, Format Version 12.00
# Visual Studio Version 16
VisualStudioVersion = 16.0.29920.165
MinimumVisualStudioVersion = 10.0.40219.1
Project("{FAE04EC0-301F-11D3-BF4B-00C04F79EFBC}") = "DartApp.Android", "DartApp\DartApp.Android\DartApp.Android.csproj", "{B6A2F104-7A8C-4E28-BF62-989EEA7E1978}"
EndProject
Project("{FAE04EC0-301F-11D3-BF4B-00C04F79EFBC}") = "DartApp.iOS", "DartApp\DartApp.iOS\DartApp.iOS.csproj", "{00049A4A-ECCD-403F-B16F-2D83DB2B5BF5}"
EndProject
Project("{FAE04EC0-301F-11D3-BF4B-00C04F79EFBC}") = "DartApp", "DartApp\DartApp\DartApp.csproj", "{192D06E4-16EE-4FF7-9659-BA74D380ADD6}"
EndProject
Global
	GlobalSection(SolutionConfigurationPlatforms) = preSolution
		Debug|Any CPU = Debug|Any CPU
		Debug|iPhone = Debug|iPhone
		Debug|iPhoneSimulator = Debug|iPhoneSimulator
		Release|Any CPU = Release|Any CPU
		Release|iPhone = Release|iPhone
		Release|iPhoneSimulator = Release|iPhoneSimulator
	EndGlobalSection
	GlobalSection(ProjectConfigurationPlatforms) = postSolution
		{B6A2F104-7A8C-4E28-BF62-989EEA7E1978}.Debug|Any CPU.ActiveCfg = Debug|Any CPU
		{B6A2F104-7A8C-4E28-BF62-989EEA7E1978}.Debug|Any CPU.Build.0 = Debug|Any CPU
		{B6A2F104-7A8C-4E28-BF62-989EEA7E1978}.Debug|Any CPU.Deploy.0 = Debug|Any CPU
		{B6A2F104-7A8C-4E28-BF62-989EEA7E1978}.Debug|iPhone.ActiveCfg = Debug|Any CPU
		{B6A2F104-7A8C-4E28-BF62-989EEA7E1978}.Debug|iPhone.Build.0 = Debug|Any CPU
		{B6A2F104-7A8C-4E28-BF62-989EEA7E1978}.Debug|iPhone.Deploy.0 = Debug|Any CPU
		{B6A2F104-7A8C-4E28-BF62-989EEA7E1978}.Debug|iPhoneSimulator.ActiveCfg = Debug|Any CPU
		{B6A2F104-7A8C-4E28-BF62-989EEA7E1978}.Debug|iPhoneSimulator.Build.0 = Debug|Any CPU
		{B6A2F104-7A8C-4E28-BF62-989EEA7E1978}.Debug|iPhoneSimulator.Deploy.0 = Debug|Any CPU
		{B6A2F104-7A8C-4E28-BF62-989EEA7E1978}.Release|Any CPU.ActiveCfg = Release|Any CPU
		{B6A2F104-7A8C-4E28-BF62-989EEA7E1978}.Release|Any CPU.Build.0 = Release|Any CPU
		{B6A2F104-7A8C-4E28-BF62-989EEA7E1978}.Release|Any CPU.Deploy.0 = Release|Any CPU
		{B6A2F104-7A8C-4E28-BF62-989EEA7E1978}.Release|iPhone.ActiveCfg = Release|Any CPU
		{B6A2F104-7A8C-4E28-BF62-989EEA7E1978}.Release|iPhone.Build.0 = Release|Any CPU
		{B6A2F104-7A8C-4E28-BF62-989EEA7E1978}.Release|iPhone.Deploy.0 = Release|Any CPU
		{B6A2F104-7A8C-4E28-BF62-989EEA7E1978}.Release|iPhoneSimulator.ActiveCfg = Release|Any CPU
		{B6A2F104-7A8C-4E28-BF62-989EEA7E1978}.Release|iPhoneSimulator.Build.0 = Release|Any CPU
		{B6A2F104-7A8C-4E28-BF62-989EEA7E1978}.Release|iPhoneSimulator.Deploy.0 = Release|Any CPU
		{00049A4A-ECCD-403F-B16F-2D83DB2B5BF5}.Debug|Any CPU.ActiveCfg = Debug|iPhone
		{00049A4A-ECCD-403F-B16F-2D83DB2B5BF5}.Debug|Any CPU.Build.0 = Debug|iPhone
		{00049A4A-ECCD-403F-B16F-2D83DB2B5BF5}.Debug|Any CPU.Deploy.0 = Debug|iPhone
		{00049A4A-ECCD-403F-B16F-2D83DB2B5BF5}.Debug|iPhone.ActiveCfg = Debug|iPhone
		{00049A4A-ECCD-403F-B16F-2D83DB2B5BF5}.Debug|iPhone.Build.0 = Debug|iPhone
		{00049A4A-ECCD-403F-B16F-2D83DB2B5BF5}.Debug|iPhone.Deploy.0 = Debug|iPhone
		{00049A4A-ECCD-403F-B16F-2D83DB2B5BF5}.Debug|iPhoneSimulator.ActiveCfg = Debug|iPhoneSimulator
		{00049A4A-ECCD-403F-B16F-2D83DB2B5BF5}.Debug|iPhoneSimulator.Build.0 = Debug|iPhoneSimulator
		{00049A4A-ECCD-403F-B16F-2D83DB2B5BF5}.Debug|iPhoneSimulator.Deploy.0 = Debug|iPhoneSimulator
		{00049A4A-ECCD-403F-B16F-2D83DB2B5BF5}.Release|Any CPU.ActiveCfg = Release|iPhone
		{00049A4A-ECCD-403F-B16F-2D83DB2B5BF5}.Release|Any CPU.Build.0 = Release|iPhone
		{00049A4A-ECCD-403F-B16F-2D83DB2B5BF5}.Release|Any CPU.Deploy.0 = Release|iPhone
		{00049A4A-ECCD-403F-B16F-2D83DB2B5BF5}.Release|iPhone.ActiveCfg = Release|iPhone
		{00049A4A-ECCD-403F-B16F-2D83DB2B5BF5}.Release|iPhone.Build.0 = Release|iPhone
		{00049A4A-ECCD-403F-B16F-2D83DB2B5BF5}.Release|iPhone.Deploy.0 = Release|iPhone
		{00049A4A-ECCD-403F-B16F-2D83DB2B5BF5}.Release|iPhoneSimulator.ActiveCfg = Release|iPhoneSimulator
		{00049A4A-ECCD-403F-B16F-2D83DB2B5BF5}.Release|iPhoneSimulator.Build.0 = Release|iPhoneSimulator
		{00049A4A-ECCD-403F-B16F-2D83DB2B5BF5}.Release|iPhoneSimulator.Deploy.0 = Release|iPhoneSimulator
		{192D06E4-16EE-4FF7-9659-BA74D380ADD6}.Debug|Any CPU.ActiveCfg = Debug|Any CPU
		{192D06E4-16EE-4FF7-9659-BA74D380ADD6}.Debug|Any CPU.Build.0 = Debug|Any CPU
		{192D06E4-16EE-4FF7-9659-BA74D380ADD6}.Debug|Any CPU.Deploy.0 = Debug|Any CPU
		{192D06E4-16EE-4FF7-9659-BA74D380ADD6}.Debug|iPhone.ActiveCfg = Debug|Any CPU
		{192D06E4-16EE-4FF7-9659-BA74D380ADD6}.Debug|iPhone.Build.0 = Debug|Any CPU
		{192D06E4-16EE-4FF7-9659-BA74D380ADD6}.Debug|iPhone.Deploy.0 = Debug|Any CPU
		{192D06E4-16EE-4FF7-9659-BA74D380ADD6}.Debug|iPhoneSimulator.ActiveCfg = Debug|Any CPU
		{192D06E4-16EE-4FF7-9659-BA74D380ADD6}.Debug|iPhoneSimulator.Build.0 = Debug|Any CPU
		{192D06E4-16EE-4FF7-9659-BA74D380ADD6}.Debug|iPhoneSimulator.Deploy.0 = Debug|Any CPU
		{192D06E4-16EE-4FF7-9659-BA74D380ADD6}.Release|Any CPU.ActiveCfg = Release|Any CPU
		{192D06E4-16EE-4FF7-9659-BA74D380ADD6}.Release|Any CPU.Build.0 = Release|Any CPU
		{192D06E4-16EE-4FF7-9659-BA74D380ADD6}.Release|Any CPU.Deploy.0 = Release|Any CPU
		{192D06E4-16EE-4FF7-9659-BA74D380ADD6}.Release|iPhone.ActiveCfg = Release|Any CPU
		{192D06E4-16EE-4FF7-9659-BA74D380ADD6}.Release|iPhone.Build.0 = Release|Any CPU
		{192D06E4-16EE-4FF7-9659-BA74D380ADD6}.Release|iPhone.Deploy.0 = Release|Any CPU
		{192D06E4-16EE-4FF7-9659-BA74D380ADD6}.Release|iPhoneSimulator.ActiveCfg = Release|Any CPU
		{192D06E4-16EE-4FF7-9659-BA74D380ADD6}.Release|iPhoneSimulator.Build.0 = Release|Any CPU
		{192D06E4-16EE-4FF7-9659-BA74D380ADD6}.Release|iPhoneSimulator.Deploy.0 = Release|Any CPU
	EndGlobalSection
	GlobalSection(SolutionProperties) = preSolution
		HideSolutionNode = FALSE
	EndGlobalSection
	GlobalSection(ExtensibilityGlobals) = postSolution
		SolutionGuid = {6FD0ED6E-D63C-4B4A-8461-4BB9F1826FCA}
	EndGlobalSection
EndGlobal
